
Microsoft Visual Studio Solution File, Format Version 12.00
# Visual Studio Version 16
VisualStudioVersion = 16.0.32802.440
MinimumVisualStudioVersion = 10.0.40219.1
Project("{FAE04EC0-301F-11D3-BF4B-00C04F79EFBC}") = "Karyawan_Perkantoran", "Karyawan_Perkantoran\Karyawan_Perkantoran.csproj", "{8328EE9B-E93C-419B-B686-38F28546D7A0}"
EndProject
Global
	GlobalSection(SolutionConfigurationPlatforms) = preSolution
		Debug|Any CPU = Debug|Any CPU
		Release|Any CPU = Release|Any CPU
	EndGlobalSection
	GlobalSection(ProjectConfigurationPlatforms) = postSolution
		{8328EE9B-E93C-419B-B686-38F28546D7A0}.Debug|Any CPU.ActiveCfg = Debug|Any CPU
		{8328EE9B-E93C-419B-B686-38F28546D7A0}.Debug|Any CPU.Build.0 = Debug|Any CPU
		{8328EE9B-E93C-419B-B686-38F28546D7A0}.Release|Any CPU.ActiveCfg = Release|Any CPU
		{8328EE9B-E93C-419B-B686-38F28546D7A0}.Release|Any CPU.Build.0 = Release|Any CPU
	EndGlobalSection
	GlobalSection(SolutionProperties) = preSolution
		HideSolutionNode = FALSE
	EndGlobalSection
	GlobalSection(ExtensibilityGlobals) = postSolution
		SolutionGuid = {DBE6BE51-4018-462C-8C13-C1A95F49DD96}
	EndGlobalSection
EndGlobal
